
Microsoft Visual Studio Solution File, Format Version 12.00
# Visual Studio Version 16
VisualStudioVersion = 16.0.29709.97
MinimumVisualStudioVersion = 10.0.40219.1
Project("{FAE04EC0-301F-11D3-BF4B-00C04F79EFBC}") = "ASPSearchCreateCsv", "ASPSearchCreateCsv\ASPSearchCreateCsv.csproj", "{35B190F7-06FD-42EF-9342-55A17378E113}"
EndProject
Global
	GlobalSection(SolutionConfigurationPlatforms) = preSolution
		Debug|Any CPU = Debug|Any CPU
		Release|Any CPU = Release|Any CPU
	EndGlobalSection
	GlobalSection(ProjectConfigurationPlatforms) = postSolution
		{35B190F7-06FD-42EF-9342-55A17378E113}.Debug|Any CPU.ActiveCfg = Debug|Any CPU
		{35B190F7-06FD-42EF-9342-55A17378E113}.Debug|Any CPU.Build.0 = Debug|Any CPU
		{35B190F7-06FD-42EF-9342-55A17378E113}.Release|Any CPU.ActiveCfg = Release|Any CPU
		{35B190F7-06FD-42EF-9342-55A17378E113}.Release|Any CPU.Build.0 = Release|Any CPU
	EndGlobalSection
	GlobalSection(SolutionProperties) = preSolution
		HideSolutionNode = FALSE
	EndGlobalSection
	GlobalSection(ExtensibilityGlobals) = postSolution
		SolutionGuid = {6E124AA6-028A-44B1-8275-E52BC3695731}
	EndGlobalSection
EndGlobal
